
Microsoft Visual Studio Solution File, Format Version 12.00
# Visual Studio Version 17
VisualStudioVersion = 17.2.32630.192
MinimumVisualStudioVersion = 10.0.40219.1
Project("{9A19103F-16F7-4668-BE54-9A1E7A4F7556}") = "Golden Axe", "Golden Axe\Golden Axe.csproj", "{768991A7-DC6D-43A4-AD53-44251EDAD576}"
	ProjectSection(ProjectDependencies) = postProject
		{0E021C78-6BB6-4361-B91E-AA9857E8B3D0} = {0E021C78-6BB6-4361-B91E-AA9857E8B3D0}
		{A3A6BEFA-2F29-48EC-90AE-628D08F09AED} = {A3A6BEFA-2F29-48EC-90AE-628D08F09AED}
	EndProjectSection
EndProject
Project("{9A19103F-16F7-4668-BE54-9A1E7A4F7556}") = "LibMES", "LibMES\LibMES.csproj", "{8A3FF58E-91BF-4160-A541-B4817AA2A88B}"
EndProject
Project("{9A19103F-16F7-4668-BE54-9A1E7A4F7556}") = "LibCDI", "LibCDI\LibCDI.csproj", "{0E021C78-6BB6-4361-B91E-AA9857E8B3D0}"
EndProject
Project("{9A19103F-16F7-4668-BE54-9A1E7A4F7556}") = "AceUtils", "AceUtils\AceUtils.csproj", "{A3A6BEFA-2F29-48EC-90AE-628D08F09AED}"
EndProject
Global
	GlobalSection(SolutionConfigurationPlatforms) = preSolution
		Debug|Any CPU = Debug|Any CPU
		Release|Any CPU = Release|Any CPU
	EndGlobalSection
	GlobalSection(ProjectConfigurationPlatforms) = postSolution
		{768991A7-DC6D-43A4-AD53-44251EDAD576}.Debug|Any CPU.ActiveCfg = Debug|Any CPU
		{768991A7-DC6D-43A4-AD53-44251EDAD576}.Debug|Any CPU.Build.0 = Debug|Any CPU
		{768991A7-DC6D-43A4-AD53-44251EDAD576}.Release|Any CPU.ActiveCfg = Release|Any CPU
		{768991A7-DC6D-43A4-AD53-44251EDAD576}.Release|Any CPU.Build.0 = Release|Any CPU
		{8A3FF58E-91BF-4160-A541-B4817AA2A88B}.Debug|Any CPU.ActiveCfg = Debug|Any CPU
		{8A3FF58E-91BF-4160-A541-B4817AA2A88B}.Debug|Any CPU.Build.0 = Debug|Any CPU
		{8A3FF58E-91BF-4160-A541-B4817AA2A88B}.Release|Any CPU.ActiveCfg = Release|Any CPU
		{8A3FF58E-91BF-4160-A541-B4817AA2A88B}.Release|Any CPU.Build.0 = Release|Any CPU
		{0E021C78-6BB6-4361-B91E-AA9857E8B3D0}.Debug|Any CPU.ActiveCfg = Debug|Any CPU
		{0E021C78-6BB6-4361-B91E-AA9857E8B3D0}.Debug|Any CPU.Build.0 = Debug|Any CPU
		{0E021C78-6BB6-4361-B91E-AA9857E8B3D0}.Release|Any CPU.ActiveCfg = Release|Any CPU
		{0E021C78-6BB6-4361-B91E-AA9857E8B3D0}.Release|Any CPU.Build.0 = Release|Any CPU
		{A3A6BEFA-2F29-48EC-90AE-628D08F09AED}.Debug|Any CPU.ActiveCfg = Debug|Any CPU
		{A3A6BEFA-2F29-48EC-90AE-628D08F09AED}.Debug|Any CPU.Build.0 = Debug|Any CPU
		{A3A6BEFA-2F29-48EC-90AE-628D08F09AED}.Release|Any CPU.ActiveCfg = Release|Any CPU
		{A3A6BEFA-2F29-48EC-90AE-628D08F09AED}.Release|Any CPU.Build.0 = Release|Any CPU
	EndGlobalSection
	GlobalSection(SolutionProperties) = preSolution
		HideSolutionNode = FALSE
	EndGlobalSection
	GlobalSection(ExtensibilityGlobals) = postSolution
		SolutionGuid = {63F5ABA1-DDF3-4BC4-B3F7-CB0ADCEE09C7}
	EndGlobalSection
EndGlobal
